
Microsoft Visual Studio Solution File, Format Version 12.00
# Visual Studio Version 17
VisualStudioVersion = 17.0.32126.317
MinimumVisualStudioVersion = 10.0.40219.1
Project("{9A19103F-16F7-4668-BE54-9A1E7A4F7556}") = "SentimentApi", "SentimentApi\SentimentApi.csproj", "{3342B967-B731-4BC7-9B2C-655A038606A7}"
EndProject
Project("{9A19103F-16F7-4668-BE54-9A1E7A4F7556}") = "SentimentConsole", "SentimentConsole\SentimentConsole.csproj", "{2F38F228-EF37-4C82-B9B6-C75BFB725708}"
EndProject
Global
	GlobalSection(SolutionConfigurationPlatforms) = preSolution
		Debug|Any CPU = Debug|Any CPU
		Release|Any CPU = Release|Any CPU
	EndGlobalSection
	GlobalSection(ProjectConfigurationPlatforms) = postSolution
		{3342B967-B731-4BC7-9B2C-655A038606A7}.Debug|Any CPU.ActiveCfg = Debug|Any CPU
		{3342B967-B731-4BC7-9B2C-655A038606A7}.Debug|Any CPU.Build.0 = Debug|Any CPU
		{3342B967-B731-4BC7-9B2C-655A038606A7}.Release|Any CPU.ActiveCfg = Release|Any CPU
		{3342B967-B731-4BC7-9B2C-655A038606A7}.Release|Any CPU.Build.0 = Release|Any CPU
		{2F38F228-EF37-4C82-B9B6-C75BFB725708}.Debug|Any CPU.ActiveCfg = Debug|Any CPU
		{2F38F228-EF37-4C82-B9B6-C75BFB725708}.Debug|Any CPU.Build.0 = Debug|Any CPU
		{2F38F228-EF37-4C82-B9B6-C75BFB725708}.Release|Any CPU.ActiveCfg = Release|Any CPU
		{2F38F228-EF37-4C82-B9B6-C75BFB725708}.Release|Any CPU.Build.0 = Release|Any CPU
	EndGlobalSection
	GlobalSection(SolutionProperties) = preSolution
		HideSolutionNode = FALSE
	EndGlobalSection
	GlobalSection(ExtensibilityGlobals) = postSolution
		SolutionGuid = {85CC4910-B3E9-40EB-9B26-B2D7F69AF253}
	EndGlobalSection
EndGlobal
